id: custom_gui_surface_plot
label: Surface plot
category: '[Custom GUI]'

parameters:
-   id: vlen
    label: Vec Length
    dtype: int
    hide: ${ 'part' if vlen == 1 else 'none' }
-   id: width
    label: Width
    dtype: int
-   id: height
    label: Height
    dtype: int
-   id: gwidth
    label: Graph Width
    dtype: int
-   id: gheight
    label: Graph Height
    dtype: int
-   id: maxz
    label: Max Z
    dtype: float
    default: '0'
-   id: fps
    label: fps
    dtype: int
    default: '3'
-   id: xaxis
    label: X axis
    dtype: string
    default: X axis
-   id: yaxis
    label: Y axis
    dtype: string
    default: Y axis
-   id: zaxis
    label: Z axis
    dtype: string
    default: Z axis
-   id: gui_hint
    label: GUI Hint
    dtype: gui_hint
    hide: part

inputs:
-   domain: stream
    dtype: float
    vlen: ${ vlen }

templates:
    imports: |-
        import custom_gui
        from PyQt5 import Qt
        from gnuradio import qtgui
        import sip
    make: |- 
      <%win = 'self._%s_win'%id %>\
      custom_gui.surface_plot(
         ${vlen},
         ${width},
         ${height},
         ${gwidth},
         ${gheight},
         ${maxz},
         ${fps},
         ${xaxis}, 
         ${yaxis},
         ${zaxis}
       )
      ${win} = sip.wrapinstance(self.${id}.pyqwidget(), Qt.QWidget)
      ${gui_hint() % win}

file_format: 1
